
Microsoft Visual Studio Solution File, Format Version 12.00
# Visual Studio Version 17
VisualStudioVersion = 17.11.35222.181
MinimumVisualStudioVersion = 10.0.40219.1
Project("{FAE04EC0-301F-11D3-BF4B-00C04F79EFBC}") = "PruebaAPI", "PruebaAPI\PruebaAPI.csproj", "{3EBF579C-18FF-4C5C-96BA-66AC2733828F}"
EndProject
Global
	GlobalSection(SolutionConfigurationPlatforms) = preSolution
		Debug|Any CPU = Debug|Any CPU
		Release|Any CPU = Release|Any CPU
	EndGlobalSection
	GlobalSection(ProjectConfigurationPlatforms) = postSolution
		{3EBF579C-18FF-4C5C-96BA-66AC2733828F}.Debug|Any CPU.ActiveCfg = Debug|Any CPU
		{3EBF579C-18FF-4C5C-96BA-66AC2733828F}.Debug|Any CPU.Build.0 = Debug|Any CPU
		{3EBF579C-18FF-4C5C-96BA-66AC2733828F}.Release|Any CPU.ActiveCfg = Release|Any CPU
		{3EBF579C-18FF-4C5C-96BA-66AC2733828F}.Release|Any CPU.Build.0 = Release|Any CPU
	EndGlobalSection
	GlobalSection(SolutionProperties) = preSolution
		HideSolutionNode = FALSE
	EndGlobalSection
	GlobalSection(ExtensibilityGlobals) = postSolution
		SolutionGuid = {5EDFBCC2-23A3-4199-9794-4D5515D204D0}
	EndGlobalSection
EndGlobal
